
Microsoft Visual Studio Solution File, Format Version 12.00
# Visual Studio Version 16
VisualStudioVersion = 16.0.29814.53
MinimumVisualStudioVersion = 10.0.40219.1
Project("{FAE04EC0-301F-11D3-BF4B-00C04F79EFBC}") = "Syroot.Windows.IO.KnownFolders.NetStandard", "Syroot.Windows.IO.KnownFolders.NetStandard\Syroot.Windows.IO.KnownFolders.NetStandard.csproj", "{1113ADC5-1725-4030-9A1A-D1F9A8D52636}"
EndProject
Project("{FAE04EC0-301F-11D3-BF4B-00C04F79EFBC}") = "Syroot.Windows.IO.KnownFolders.Test", "Syroot.Windows.IO.KnownFolders.Test\Syroot.Windows.IO.KnownFolders.Test.csproj", "{43E8934D-AD68-4F06-9CA4-B65C730B6B56}"
EndProject
Global
	GlobalSection(SolutionConfigurationPlatforms) = preSolution
		Debug|Any CPU = Debug|Any CPU
		Release|Any CPU = Release|Any CPU
	EndGlobalSection
	GlobalSection(ProjectConfigurationPlatforms) = postSolution
		{1113ADC5-1725-4030-9A1A-D1F9A8D52636}.Debug|Any CPU.ActiveCfg = Debug|Any CPU
		{1113ADC5-1725-4030-9A1A-D1F9A8D52636}.Debug|Any CPU.Build.0 = Debug|Any CPU
		{1113ADC5-1725-4030-9A1A-D1F9A8D52636}.Release|Any CPU.ActiveCfg = Release|Any CPU
		{1113ADC5-1725-4030-9A1A-D1F9A8D52636}.Release|Any CPU.Build.0 = Release|Any CPU
		{43E8934D-AD68-4F06-9CA4-B65C730B6B56}.Debug|Any CPU.ActiveCfg = Debug|Any CPU
		{43E8934D-AD68-4F06-9CA4-B65C730B6B56}.Debug|Any CPU.Build.0 = Debug|Any CPU
		{43E8934D-AD68-4F06-9CA4-B65C730B6B56}.Release|Any CPU.ActiveCfg = Release|Any CPU
		{43E8934D-AD68-4F06-9CA4-B65C730B6B56}.Release|Any CPU.Build.0 = Release|Any CPU
	EndGlobalSection
	GlobalSection(SolutionProperties) = preSolution
		HideSolutionNode = FALSE
	EndGlobalSection
	GlobalSection(ExtensibilityGlobals) = postSolution
		SolutionGuid = {B0953555-9DD0-420F-8666-682784DB5F82}
	EndGlobalSection
EndGlobal
